// !$*UTF8*$!
{
	archiveVersion = 1;
	classes = {
	};
	objectVersion = 46;
	objects = {

/* Begin PBXBuildFile section */
		553D80DF1CCE3D5600E010D4 /* WalkthroughCollectionViewCell.m in Sources */ = {isa = PBXBuildFile; fileRef = 553D80DE1CCE3D5600E010D4 /* WalkthroughCollectionViewCell.m */; };
		553D80E21CCE439E00E010D4 /* WalkthroughItem.m in Sources */ = {isa = PBXBuildFile; fileRef = 553D80E11CCE439E00E010D4 /* WalkthroughItem.m */; };
		5548FFF41CCA524A0084752C /* WalkThroughViewController.m in Sources */ = {isa = PBXBuildFile; fileRef = 5548FFF31CCA524A0084752C /* WalkThroughViewController.m */; };
		554BDB641CC117A100A8A7E9 /* TaskTableViewCell.m in Sources */ = {isa = PBXBuildFile; fileRef = 554BDB631CC117A100A8A7E9 /* TaskTableViewCell.m */; };
		555AC7101CBE7244003DF023 /* iPad.storyboard in Resources */ = {isa = PBXBuildFile; fileRef = 555AC70F1CBE7244003DF023 /* iPad.storyboard */; };
		558717361CAC061700ABAC94 /* LoginViewController.m in Sources */ = {isa = PBXBuildFile; fileRef = 558717351CAC061700ABAC94 /* LoginViewController.m */; };
		558717391CAC08E900ABAC94 /* SignUpViewController.m in Sources */ = {isa = PBXBuildFile; fileRef = 558717381CAC08E900ABAC94 /* SignUpViewController.m */; };
		559227AE1CB7ED2400B855A2 /* HomeViewController.m in Sources */ = {isa = PBXBuildFile; fileRef = 559227AD1CB7ED2400B855A2 /* HomeViewController.m */; };
		55A4F03B1CA966DB001A5B51 /* main.m in Sources */ = {isa = PBXBuildFile; fileRef = 55A4F03A1CA966DB001A5B51 /* main.m */; };
		55A4F03E1CA966DB001A5B51 /* AppDelegate.m in Sources */ = {isa = PBXBuildFile; fileRef = 55A4F03D1CA966DB001A5B51 /* AppDelegate.m */; };
		55A4F0441CA966DC001A5B51 /* Main.storyboard in Resources */ = {isa = PBXBuildFile; fileRef = 55A4F0421CA966DC001A5B51 /* Main.storyboard */; };
		55A4F0471CA966DC001A5B51 /* ToDo.xcdatamodeld in Sources */ = {isa = PBXBuildFile; fileRef = 55A4F0451CA966DC001A5B51 /* ToDo.xcdatamodeld */; };
		55A4F0491CA966DC001A5B51 /* Assets.xcassets in Resources */ = {isa = PBXBuildFile; fileRef = 55A4F0481CA966DC001A5B51 /* Assets.xcassets */; };
		55A4F04C1CA966DC001A5B51 /* LaunchScreen.storyboard in Resources */ = {isa = PBXBuildFile; fileRef = 55A4F04A1CA966DC001A5B51 /* LaunchScreen.storyboard */; };
		55A4F0541CA96705001A5B51 /* ViewController.m in Sources */ = {isa = PBXBuildFile; fileRef = 55A4F0401CA966DC001A5B51 /* ViewController.m */; };
		55A4F05B1CA974C8001A5B51 /* CoreLocation.framework in Frameworks */ = {isa = PBXBuildFile; fileRef = 55A4F05A1CA974C8001A5B51 /* CoreLocation.framework */; };
/* End PBXBuildFile section */

/* Begin PBXFileReference section */
		553D80DD1CCE3D5600E010D4 /* WalkthroughCollectionViewCell.h */ = {isa = PBXFileReference; fileEncoding = 4; lastKnownFileType = sourcecode.c.h; path = WalkthroughCollectionViewCell.h; sourceTree = "<group>"; };
		553D80DE1CCE3D5600E010D4 /* WalkthroughCollectionViewCell.m */ = {isa = PBXFileReference; fileEncoding = 4; lastKnownFileType = sourcecode.c.objc; path = WalkthroughCollectionViewCell.m; sourceTree = "<group>"; };
		553D80E01CCE439E00E010D4 /* WalkthroughItem.h */ = {isa = PBXFileReference; fileEncoding = 4; lastKnownFileType = sourcecode.c.h; path = WalkthroughItem.h; sourceTree = "<group>"; };
		553D80E11CCE439E00E010D4 /* WalkthroughItem.m */ = {isa = PBXFileReference; fileEncoding = 4; lastKnownFileType = sourcecode.c.objc; path = WalkthroughItem.m; sourceTree = "<group>"; };
		5548FFF21CCA524A0084752C /* WalkThroughViewController.h */ = {isa = PBXFileReference; fileEncoding = 4; lastKnownFileType = sourcecode.c.h; path = WalkThroughViewController.h; sourceTree = "<group>"; };
		5548FFF31CCA524A0084752C /* WalkThroughViewController.m */ = {isa = PBXFileReference; fileEncoding = 4; lastKnownFileType = sourcecode.c.objc; path = WalkThroughViewController.m; sourceTree = "<group>"; };
		554BDB621CC117A100A8A7E9 /* TaskTableViewCell.h */ = {isa = PBXFileReference; fileEncoding = 4; lastKnownFileType = sourcecode.c.h; path = TaskTableViewCell.h; sourceTree = "<group>"; };
		554BDB631CC117A100A8A7E9 /* TaskTableViewCell.m */ = {isa = PBXFileReference; fileEncoding = 4; lastKnownFileType = sourcecode.c.objc; path = TaskTableViewCell.m; sourceTree = "<group>"; };
		554BDB651CC1184700A8A7E9 /* Constanc.h */ = {isa = PBXFileReference; lastKnownFileType = sourcecode.c.h; path = Constanc.h; sourceTree = "<group>"; };
		555AC70F1CBE7244003DF023 /* iPad.storyboard */ = {isa = PBXFileReference; fileEncoding = 4; lastKnownFileType = file.storyboard; path = iPad.storyboard; sourceTree = "<group>"; };
		558717341CAC061700ABAC94 /* LoginViewController.h */ = {isa = PBXFileReference; fileEncoding = 4; lastKnownFileType = sourcecode.c.h; path = LoginViewController.h; sourceTree = "<group>"; };
		558717351CAC061700ABAC94 /* LoginViewController.m */ = {isa = PBXFileReference; fileEncoding = 4; lastKnownFileType = sourcecode.c.objc; path = LoginViewController.m; sourceTree = "<group>"; };
		558717371CAC08E900ABAC94 /* SignUpViewController.h */ = {isa = PBXFileReference; fileEncoding = 4; lastKnownFileType = sourcecode.c.h; path = SignUpViewController.h; sourceTree = "<group>"; };
		558717381CAC08E900ABAC94 /* SignUpViewController.m */ = {isa = PBXFileReference; fileEncoding = 4; lastKnownFileType = sourcecode.c.objc; path = SignUpViewController.m; sourceTree = "<group>"; };
		559227AC1CB7ED2400B855A2 /* HomeViewController.h */ = {isa = PBXFileReference; fileEncoding = 4; lastKnownFileType = sourcecode.c.h; path = HomeViewController.h; sourceTree = "<group>"; };
		559227AD1CB7ED2400B855A2 /* HomeViewController.m */ = {isa = PBXFileReference; fileEncoding = 4; lastKnownFileType = sourcecode.c.objc; path = HomeViewController.m; sourceTree = "<group>"; };
		55A4F0361CA966DB001A5B51 /* ToDo.app */ = {isa = PBXFileReference; explicitFileType = wrapper.application; includeInIndex = 0; path = ToDo.app; sourceTree = BUILT_PRODUCTS_DIR; };
		55A4F03A1CA966DB001A5B51 /* main.m */ = {isa = PBXFileReference; lastKnownFileType = sourcecode.c.objc; path = main.m; sourceTree = "<group>"; };
		55A4F03C1CA966DB001A5B51 /* AppDelegate.h */ = {isa = PBXFileReference; lastKnownFileType = sourcecode.c.h; path = AppDelegate.h; sourceTree = "<group>"; };
		55A4F03D1CA966DB001A5B51 /* AppDelegate.m */ = {isa = PBXFileReference; lastKnownFileType = sourcecode.c.objc; path = AppDelegate.m; sourceTree = "<group>"; };
		55A4F03F1CA966DB001A5B51 /* ViewController.h */ = {isa = PBXFileReference; lastKnownFileType = sourcecode.c.h; path = ViewController.h; sourceTree = "<group>"; };
		55A4F0401CA966DC001A5B51 /* ViewController.m */ = {isa = PBXFileReference; lastKnownFileType = sourcecode.c.objc; path = ViewController.m; sourceTree = "<group>"; };
		55A4F0431CA966DC001A5B51 /* Base */ = {isa = PBXFileReference; lastKnownFileType = file.storyboard; name = Base; path = Base.lproj/Main.storyboard; sourceTree = "<group>"; };
		55A4F0461CA966DC001A5B51 /* ToDo.xcdatamodel */ = {isa = PBXFileReference; lastKnownFileType = wrapper.xcdatamodel; path = ToDo.xcdatamodel; sourceTree = "<group>"; };
		55A4F0481CA966DC001A5B51 /* Assets.xcassets */ = {isa = PBXFileReference; lastKnownFileType = folder.assetcatalog; path = Assets.xcassets; sourceTree = "<group>"; };
		55A4F04B1CA966DC001A5B51 /* Base */ = {isa = PBXFileReference; lastKnownFileType = file.storyboard; name = Base; path = Base.lproj/LaunchScreen.storyboard; sourceTree = "<group>"; };
		55A4F04D1CA966DC001A5B51 /* Info.plist */ = {isa = PBXFileReference; lastKnownFileType = text.plist.xml; path = Info.plist; sourceTree = "<group>"; };
		55A4F05A1CA974C8001A5B51 /* CoreLocation.framework */ = {isa = PBXFileReference; lastKnownFileType = wrapper.framework; name = CoreLocation.framework; path = System/Library/Frameworks/CoreLocation.framework; sourceTree = SDKROOT; };
/* End PBXFileReference section */

/* Begin PBXFrameworksBuildPhase section */
		55A4F0331CA966DB001A5B51 /* Frameworks */ = {
			isa = PBXFrameworksBuildPhase;
			buildActionMask = 2147483647;
			files = (
				55A4F05B1CA974C8001A5B51 /* CoreLocation.framework in Frameworks */,
			);
			runOnlyForDeploymentPostprocessing = 0;
		};
/* End PBXFrameworksBuildPhase section */

/* Begin PBXGroup section */
		55A4F02D1CA966DB001A5B51 = {
			isa = PBXGroup;
			children = (
				55A4F0381CA966DB001A5B51 /* ToDo */,
				55A4F0591CA96C83001A5B51 /* Frameworks */,
				55A4F0371CA966DB001A5B51 /* Products */,
			);
			sourceTree = "<group>";
		};
		55A4F0371CA966DB001A5B51 /* Products */ = {
			isa = PBXGroup;
			children = (
				55A4F0361CA966DB001A5B51 /* ToDo.app */,
			);
			name = Products;
			sourceTree = "<group>";
		};
		55A4F0381CA966DB001A5B51 /* ToDo */ = {
			isa = PBXGroup;
			children = (
				55A4F0561CA96BF3001A5B51 /* Models */,
				55A4F0581CA96C59001A5B51 /* Views */,
				55A4F0571CA96C3C001A5B51 /* Controllers */,
				55A4F0391CA966DB001A5B51 /* Supporting Files */,
			);
			path = ToDo;
			sourceTree = "<group>";
		};
		55A4F0391CA966DB001A5B51 /* Supporting Files */ = {
			isa = PBXGroup;
			children = (
				55A4F0551CA96B5C001A5B51 /* Apllication Delegate */,
				55A4F0481CA966DC001A5B51 /* Assets.xcassets */,
				55A4F04D1CA966DC001A5B51 /* Info.plist */,
				55A4F03A1CA966DB001A5B51 /* main.m */,
			);
			name = "Supporting Files";
			sourceTree = "<group>";
		};
		55A4F0551CA96B5C001A5B51 /* Apllication Delegate */ = {
			isa = PBXGroup;
			children = (
				55A4F03C1CA966DB001A5B51 /* AppDelegate.h */,
				55A4F03D1CA966DB001A5B51 /* AppDelegate.m */,
			);
			name = "Apllication Delegate";
			sourceTree = "<group>";
		};
		55A4F0561CA96BF3001A5B51 /* Models */ = {
			isa = PBXGroup;
			children = (
				55A4F0451CA966DC001A5B51 /* ToDo.xcdatamodeld */,
			);
			name = Models;
			sourceTree = "<group>";
		};
		55A4F0571CA96C3C001A5B51 /* Controllers */ = {
			isa = PBXGroup;
			children = (
				55A4F03F1CA966DB001A5B51 /* ViewController.h */,
				55A4F0401CA966DC001A5B51 /* ViewController.m */,
				558717341CAC061700ABAC94 /* LoginViewController.h */,
				558717351CAC061700ABAC94 /* LoginViewController.m */,
				554BDB621CC117A100A8A7E9 /* TaskTableViewCell.h */,
				554BDB631CC117A100A8A7E9 /* TaskTableViewCell.m */,
				5548FFF21CCA524A0084752C /* WalkThroughViewController.h */,
				5548FFF31CCA524A0084752C /* WalkThroughViewController.m */,
				553D80E01CCE439E00E010D4 /* WalkthroughItem.h */,
				553D80E11CCE439E00E010D4 /* WalkthroughItem.m */,
				554BDB651CC1184700A8A7E9 /* Constanc.h */,
				558717371CAC08E900ABAC94 /* SignUpViewController.h */,
				558717381CAC08E900ABAC94 /* SignUpViewController.m */,
				559227AC1CB7ED2400B855A2 /* HomeViewController.h */,
				559227AD1CB7ED2400B855A2 /* HomeViewController.m */,
				553D80DD1CCE3D5600E010D4 /* WalkthroughCollectionViewCell.h */,
				553D80DE1CCE3D5600E010D4 /* WalkthroughCollectionViewCell.m */,
			);
			name = Controllers;
			sourceTree = "<group>";
		};
		55A4F0581CA96C59001A5B51 /* Views */ = {
			isa = PBXGroup;
			children = (
				55A4F0421CA966DC001A5B51 /* Main.storyboard */,
				555AC70F1CBE7244003DF023 /* iPad.storyboard */,
				55A4F04A1CA966DC001A5B51 /* LaunchScreen.storyboard */,
			);
			name = Views;
			sourceTree = "<group>";
		};
		55A4F0591CA96C83001A5B51 /* Frameworks */ = {
			isa = PBXGroup;
			children = (
				55A4F05A1CA974C8001A5B51 /* CoreLocation.framework */,
			);
			name = Frameworks;
			sourceTree = "<group>";
		};
/* End PBXGroup section */

/* Begin PBXNativeTarget section */
		55A4F0351CA966DB001A5B51 /* ToDo */ = {
			isa = PBXNativeTarget;
			buildConfigurationList = 55A4F0501CA966DC001A5B51 /* Build configuration list for PBXNativeTarget "ToDo" */;
			buildPhases = (
				55A4F0321CA966DB001A5B51 /* Sources */,
				55A4F0331CA966DB001A5B51 /* Frameworks */,
				55A4F0341CA966DB001A5B51 /* Resources */,
			);
			buildRules = (
			);
			dependencies = (
			);
			name = ToDo;
			productName = ToDo;
			productReference = 55A4F0361CA966DB001A5B51 /* ToDo.app */;
			productType = "com.apple.product-type.application";
		};
/* End PBXNativeTarget section */

/* Begin PBXProject section */
		55A4F02E1CA966DB001A5B51 /* Project object */ = {
			isa = PBXProject;
			attributes = {
				LastUpgradeCheck = 0720;
				ORGANIZATIONNAME = "Cubes School 1";
				TargetAttributes = {
					55A4F0351CA966DB001A5B51 = {
						CreatedOnToolsVersion = 7.2.1;
					};
				};
			};
			buildConfigurationList = 55A4F0311CA966DB001A5B51 /* Build configuration list for PBXProject "ToDo" */;
			compatibilityVersion = "Xcode 3.2";
			developmentRegion = English;
			hasScannedForEncodings = 0;
			knownRegions = (
				en,
				Base,
			);
			mainGroup = 55A4F02D1CA966DB001A5B51;
			productRefGroup = 55A4F0371CA966DB001A5B51 /* Products */;
			projectDirPath = "";
			projectRoot = "";
			targets = (
				55A4F0351CA966DB001A5B51 /* ToDo */,
			);
		};
/* End PBXProject section */

/* Begin PBXResourcesBuildPhase section */
		55A4F0341CA966DB001A5B51 /* Resources */ = {
			isa = PBXResourcesBuildPhase;
			buildActionMask = 2147483647;
			files = (
				555AC7101CBE7244003DF023 /* iPad.storyboard in Resources */,
				55A4F04C1CA966DC001A5B51 /* LaunchScreen.storyboard in Resources */,
				55A4F0491CA966DC001A5B51 /* Assets.xcassets in Resources */,
				55A4F0441CA966DC001A5B51 /* Main.storyboard in Resources */,
			);
			runOnlyForDeploymentPostprocessing = 0;
		};
/* End PBXResourcesBuildPhase section */

/* Begin PBXSourcesBuildPhase section */
		55A4F0321CA966DB001A5B51 /* Sources */ = {
			isa = PBXSourcesBuildPhase;
			buildActionMask = 2147483647;
			files = (
				55A4F03E1CA966DB001A5B51 /* AppDelegate.m in Sources */,
				55A4F03B1CA966DB001A5B51 /* main.m in Sources */,
				558717391CAC08E900ABAC94 /* SignUpViewController.m in Sources */,
				553D80DF1CCE3D5600E010D4 /* WalkthroughCollectionViewCell.m in Sources */,
				55A4F0541CA96705001A5B51 /* ViewController.m in Sources */,
				554BDB641CC117A100A8A7E9 /* TaskTableViewCell.m in Sources */,
				55A4F0471CA966DC001A5B51 /* ToDo.xcdatamodeld in Sources */,
				5548FFF41CCA524A0084752C /* WalkThroughViewController.m in Sources */,
				559227AE1CB7ED2400B855A2 /* HomeViewController.m in Sources */,
				553D80E21CCE439E00E010D4 /* WalkthroughItem.m in Sources */,
				558717361CAC061700ABAC94 /* LoginViewController.m in Sources */,
			);
			runOnlyForDeploymentPostprocessing = 0;
		};
/* End PBXSourcesBuildPhase section */

/* Begin PBXVariantGroup section */
		55A4F0421CA966DC001A5B51 /* Main.storyboard */ = {
			isa = PBXVariantGroup;
			children = (
				55A4F0431CA966DC001A5B51 /* Base */,
			);
			name = Main.storyboard;
			sourceTree = "<group>";
		};
		55A4F04A1CA966DC001A5B51 /* LaunchScreen.storyboard */ = {
			isa = PBXVariantGroup;
			children = (
				55A4F04B1CA966DC001A5B51 /* Base */,
			);
			name = LaunchScreen.storyboard;
			sourceTree = "<group>";
		};
/* End PBXVariantGroup section */

/* Begin XCBuildConfiguration section */
		55A4F04E1CA966DC001A5B51 /* Debug */ = {
			isa = XCBuildConfiguration;
			buildSettings = {
				ALWAYS_SEARCH_USER_PATHS = NO;
				CLANG_CXX_LANGUAGE_STANDARD = "gnu++0x";
				CLANG_CXX_LIBRARY = "libc++";
				CLANG_ENABLE_MODULES = YES;
				CLANG_ENABLE_OBJC_ARC = YES;
				CLANG_WARN_BOOL_CONVERSION = YES;
				CLANG_WARN_CONSTANT_CONVERSION = YES;
				CLANG_WARN_DIRECT_OBJC_ISA_USAGE = YES_ERROR;
				CLANG_WARN_EMPTY_BODY = YES;
				CLANG_WARN_ENUM_CONVERSION = YES;
				CLANG_WARN_INT_CONVERSION = YES;
				CLANG_WARN_OBJC_ROOT_CLASS = YES_ERROR;
				CLANG_WARN_UNREACHABLE_CODE = YES;
				CLANG_WARN__DUPLICATE_METHOD_MATCH = YES;
				"CODE_SIGN_IDENTITY[sdk=iphoneos*]" = "iPhone Developer";
				COPY_PHASE_STRIP = NO;
				DEBUG_INFORMATION_FORMAT = dwarf;
				ENABLE_STRICT_OBJC_MSGSEND = YES;
				ENABLE_TESTABILITY = YES;
				GCC_C_LANGUAGE_STANDARD = gnu99;
				GCC_DYNAMIC_NO_PIC = NO;
				GCC_NO_COMMON_BLOCKS = YES;
				GCC_OPTIMIZATION_LEVEL = 0;
				GCC_PREPROCESSOR_DEFINITIONS = (
					"DEBUG=1",
					"$(inherited)",
				);
				GCC_WARN_64_TO_32_BIT_CONVERSION = YES;
				GCC_WARN_ABOUT_RETURN_TYPE = YES_ERROR;
				GCC_WARN_UNDECLARED_SELECTOR = YES;
				GCC_WARN_UNINITIALIZED_AUTOS = YES_AGGRESSIVE;
				GCC_WARN_UNUSED_FUNCTION = YES;
				GCC_WARN_UNUSED_VARIABLE = YES;
				IPHONEOS_DEPLOYMENT_TARGET = 9.2;
				MTL_ENABLE_DEBUG_INFO = YES;
				ONLY_ACTIVE_ARCH = YES;
				SDKROOT = iphoneos;
			};
			name = Debug;
		};
		55A4F04F1CA966DC001A5B51 /* Release */ = {
			isa = XCBuildConfiguration;
			buildSettings = {
				ALWAYS_SEARCH_USER_PATHS = NO;
				CLANG_CXX_LANGUAGE_STANDARD = "gnu++0x";
				CLANG_CXX_LIBRARY = "libc++";
				CLANG_ENABLE_MODULES = YES;
				CLANG_ENABLE_OBJC_ARC = YES;
				CLANG_WARN_BOOL_CONVERSION = YES;
				CLANG_WARN_CONSTANT_CONVERSION = YES;
				CLANG_WARN_DIRECT_OBJC_ISA_USAGE = YES_ERROR;
				CLANG_WARN_EMPTY_BODY = YES;
				CLANG_WARN_ENUM_CONVERSION = YES;
				CLANG_WARN_INT_CONVERSION = YES;
				CLANG_WARN_OBJC_ROOT_CLASS = YES_ERROR;
				CLANG_WARN_UNREACHABLE_CODE = YES;
				CLANG_WARN__DUPLICATE_METHOD_MATCH = YES;
				"CODE_SIGN_IDENTITY[sdk=iphoneos*]" = "iPhone Developer";
				COPY_PHASE_STRIP = NO;
				DEBUG_INFORMATION_FORMAT = "dwarf-with-dsym";
				ENABLE_NS_ASSERTIONS = NO;
				ENABLE_STRICT_OBJC_MSGSEND = YES;
				GCC_C_LANGUAGE_STANDARD = gnu99;
				GCC_NO_COMMON_BLOCKS = YES;
				GCC_WARN_64_TO_32_BIT_CONVERSION = YES;
				GCC_WARN_ABOUT_RETURN_TYPE = YES_ERROR;
				GCC_WARN_UNDECLARED_SELECTOR = YES;
				GCC_WARN_UNINITIALIZED_AUTOS = YES_AGGRESSIVE;
				GCC_WARN_UNUSED_FUNCTION = YES;
				GCC_WARN_UNUSED_VARIABLE = YES;
				IPHONEOS_DEPLOYMENT_TARGET = 9.2;
				MTL_ENABLE_DEBUG_INFO = NO;
				SDKROOT = iphoneos;
				VALIDATE_PRODUCT = YES;
			};
			name = Release;
		};
		55A4F0511CA966DC001A5B51 /* Debug */ = {
			isa = XCBuildConfiguration;
			buildSettings = {
				ASSETCATALOG_COMPILER_APPICON_NAME = AppIcon;
				ASSETCATALOG_COMPILER_LAUNCHIMAGE_NAME = "Brand Assets";
				INFOPLIST_FILE = ToDo/Info.plist;
				LD_RUNPATH_SEARCH_PATHS = "$(inherited) @executable_path/Frameworks";
				PRODUCT_BUNDLE_IDENTIFIER = rs.cubes.ToDo;
				PRODUCT_NAME = "$(TARGET_NAME)";
				TARGETED_DEVICE_FAMILY = "1,2";
			};
			name = Debug;
		};
		55A4F0521CA966DC001A5B51 /* Release */ = {
			isa = XCBuildConfiguration;
			buildSettings = {
				ASSETCATALOG_COMPILER_APPICON_NAME = AppIcon;
				ASSETCATALOG_COMPILER_LAUNCHIMAGE_NAME = "Brand Assets";
				INFOPLIST_FILE = ToDo/Info.plist;
				LD_RUNPATH_SEARCH_PATHS = "$(inherited) @executable_path/Frameworks";
				PRODUCT_BUNDLE_IDENTIFIER = rs.cubes.ToDo;
				PRODUCT_NAME = "$(TARGET_NAME)";
				TARGETED_DEVICE_FAMILY = "1,2";
			};
			name = Release;
		};
/* End XCBuildConfiguration section */

/* Begin XCConfigurationList section */
		55A4F0311CA966DB001A5B51 /* Build configuration list for PBXProject "ToDo" */ = {
			isa = XCConfigurationList;
			buildConfigurations = (
				55A4F04E1CA966DC001A5B51 /* Debug */,
				55A4F04F1CA966DC001A5B51 /* Release */,
			);
			defaultConfigurationIsVisible = 0;
			defaultConfigurationName = Release;
		};
		55A4F0501CA966DC001A5B51 /* Build configuration list for PBXNativeTarget "ToDo" */ = {
			isa = XCConfigurationList;
			buildConfigurations = (
				55A4F0511CA966DC001A5B51 /* Debug */,
				55A4F0521CA966DC001A5B51 /* Release */,
			);
			defaultConfigurationIsVisible = 0;
			defaultConfigurationName = Release;
		};
/* End XCConfigurationList section */

/* Begin XCVersionGroup section */
		55A4F0451CA966DC001A5B51 /* ToDo.xcdatamodeld */ = {
			isa = XCVersionGroup;
			children = (
				55A4F0461CA966DC001A5B51 /* ToDo.xcdatamodel */,
			);
			currentVersion = 55A4F0461CA966DC001A5B51 /* ToDo.xcdatamodel */;
			path = ToDo.xcdatamodeld;
			sourceTree = "<group>";
			versionGroupType = wrapper.xcdatamodel;
		};
/* End XCVersionGroup section */
	};
	rootObject = 55A4F02E1CA966DB001A5B51 /* Project object */;
}
